
Microsoft Visual Studio Solution File, Format Version 12.00
# Visual Studio Version 16
VisualStudioVersion = 16.0.31005.135
MinimumVisualStudioVersion = 10.0.40219.1
Project("{8BC9CEB8-8B4A-11D0-8D11-00A0C91BC942}") = "Asteroids", "Asteroids\Asteroids.vcxproj", "{5A4A3B77-62FC-43C9-930D-70B8B1C5FFDB}"
EndProject
Global
	GlobalSection(SolutionConfigurationPlatforms) = preSolution
		Debug|x64 = Debug|x64
		Debug|x86 = Debug|x86
		Release|x64 = Release|x64
		Release|x86 = Release|x86
	EndGlobalSection
	GlobalSection(ProjectConfigurationPlatforms) = postSolution
		{5A4A3B77-62FC-43C9-930D-70B8B1C5FFDB}.Debug|x64.ActiveCfg = Debug|x64
		{5A4A3B77-62FC-43C9-930D-70B8B1C5FFDB}.Debug|x64.Build.0 = Debug|x64
		{5A4A3B77-62FC-43C9-930D-70B8B1C5FFDB}.Debug|x86.ActiveCfg = Debug|Win32
		{5A4A3B77-62FC-43C9-930D-70B8B1C5FFDB}.Debug|x86.Build.0 = Debug|Win32
		{5A4A3B77-62FC-43C9-930D-70B8B1C5FFDB}.Release|x64.ActiveCfg = Release|x64
		{5A4A3B77-62FC-43C9-930D-70B8B1C5FFDB}.Release|x64.Build.0 = Release|x64
		{5A4A3B77-62FC-43C9-930D-70B8B1C5FFDB}.Release|x86.ActiveCfg = Release|Win32
		{5A4A3B77-62FC-43C9-930D-70B8B1C5FFDB}.Release|x86.Build.0 = Release|Win32
	EndGlobalSection
	GlobalSection(SolutionProperties) = preSolution
		HideSolutionNode = FALSE
	EndGlobalSection
	GlobalSection(ExtensibilityGlobals) = postSolution
		SolutionGuid = {AEBC3CA9-FDBF-40F4-A595-14740B489F51}
	EndGlobalSection
EndGlobal
